
Microsoft Visual Studio Solution File, Format Version 12.00
# Visual Studio Version 17
VisualStudioVersion = 17.7.34031.279
MinimumVisualStudioVersion = 10.0.40219.1
Project("{9A19103F-16F7-4668-BE54-9A1E7A4F7556}") = "DbStudentHelper", "DbStudentHelper\DbStudentHelper.csproj", "{022D204A-D34B-4F57-9F5F-F5DE7721293F}"
EndProject
Project("{9A19103F-16F7-4668-BE54-9A1E7A4F7556}") = "AuthService", "AuthService\AuthService.csproj", "{D685D572-439D-44A4-AC75-7551530B5DDF}"
EndProject
Project("{2150E333-8FDC-42A3-9474-1A3956D46DE8}") = "Services", "Services", "{48F568BB-3A55-40E1-A0EA-95546F89808F}"
EndProject
Project("{9A19103F-16F7-4668-BE54-9A1E7A4F7556}") = "StudentHelper.Admin.API", "StudentHelper.User.API\StudentHelper.Admin.API.csproj", "{96D38164-A7A3-4CA3-B3F0-E46E8754EA27}"
EndProject
Project("{FAE04EC0-301F-11D3-BF4B-00C04F79EFBC}") = "StudentHelper.Teacher.API", "StudentHelper.Teacher.API\StudentHelper.Teacher.API.csproj", "{8D02756E-DC30-475B-A27E-821B63B01B99}"
EndProject
Global
	GlobalSection(SolutionConfigurationPlatforms) = preSolution
		Debug|Any CPU = Debug|Any CPU
		Release|Any CPU = Release|Any CPU
	EndGlobalSection
	GlobalSection(ProjectConfigurationPlatforms) = postSolution
		{022D204A-D34B-4F57-9F5F-F5DE7721293F}.Debug|Any CPU.ActiveCfg = Debug|Any CPU
		{022D204A-D34B-4F57-9F5F-F5DE7721293F}.Debug|Any CPU.Build.0 = Debug|Any CPU
		{022D204A-D34B-4F57-9F5F-F5DE7721293F}.Release|Any CPU.ActiveCfg = Release|Any CPU
		{022D204A-D34B-4F57-9F5F-F5DE7721293F}.Release|Any CPU.Build.0 = Release|Any CPU
		{D685D572-439D-44A4-AC75-7551530B5DDF}.Debug|Any CPU.ActiveCfg = Debug|Any CPU
		{D685D572-439D-44A4-AC75-7551530B5DDF}.Debug|Any CPU.Build.0 = Debug|Any CPU
		{D685D572-439D-44A4-AC75-7551530B5DDF}.Release|Any CPU.ActiveCfg = Release|Any CPU
		{D685D572-439D-44A4-AC75-7551530B5DDF}.Release|Any CPU.Build.0 = Release|Any CPU
		{96D38164-A7A3-4CA3-B3F0-E46E8754EA27}.Debug|Any CPU.ActiveCfg = Debug|Any CPU
		{96D38164-A7A3-4CA3-B3F0-E46E8754EA27}.Debug|Any CPU.Build.0 = Debug|Any CPU
		{96D38164-A7A3-4CA3-B3F0-E46E8754EA27}.Release|Any CPU.ActiveCfg = Release|Any CPU
		{96D38164-A7A3-4CA3-B3F0-E46E8754EA27}.Release|Any CPU.Build.0 = Release|Any CPU
		{8D02756E-DC30-475B-A27E-821B63B01B99}.Debug|Any CPU.ActiveCfg = Debug|Any CPU
		{8D02756E-DC30-475B-A27E-821B63B01B99}.Debug|Any CPU.Build.0 = Debug|Any CPU
		{8D02756E-DC30-475B-A27E-821B63B01B99}.Release|Any CPU.ActiveCfg = Release|Any CPU
		{8D02756E-DC30-475B-A27E-821B63B01B99}.Release|Any CPU.Build.0 = Release|Any CPU
	EndGlobalSection
	GlobalSection(SolutionProperties) = preSolution
		HideSolutionNode = FALSE
	EndGlobalSection
	GlobalSection(NestedProjects) = preSolution
		{96D38164-A7A3-4CA3-B3F0-E46E8754EA27} = {48F568BB-3A55-40E1-A0EA-95546F89808F}
		{8D02756E-DC30-475B-A27E-821B63B01B99} = {48F568BB-3A55-40E1-A0EA-95546F89808F}
	EndGlobalSection
	GlobalSection(ExtensibilityGlobals) = postSolution
		SolutionGuid = {37FF4F13-6930-4632-ACEE-FDE2082D167A}
	EndGlobalSection
EndGlobal
